
Microsoft Visual Studio Solution File, Format Version 12.00
# Visual Studio Version 17
VisualStudioVersion = 17.4.32804.182
MinimumVisualStudioVersion = 10.0.40219.1
Project("{9A19103F-16F7-4668-BE54-9A1E7A4F7556}") = "VUTCrewBot", "VUTCrewBot\VUTCrewBot.csproj", "{E587DF32-22BB-4C37-BD65-0DE04FB149D2}"
EndProject
Project("{9A19103F-16F7-4668-BE54-9A1E7A4F7556}") = "VUTCrewBot.DAL", "VUTCrewBot.DAL\VUTCrewBot.DAL.csproj", "{FCDA6827-C372-40A3-948C-7C9512ED922B}"
EndProject
Project("{2150E333-8FDC-42A3-9474-1A3956D46DE8}") = "Solution Items", "Solution Items", "{01F341EB-F923-4D00-93DC-D2EF42E4AFB5}"
	ProjectSection(SolutionItems) = preProject
		.dockerignore = .dockerignore
		Dockerfile = Dockerfile
	EndProjectSection
EndProject
Project("{FAE04EC0-301F-11D3-BF4B-00C04F79EFBC}") = "BotToolkit", "BotToolkit\BotToolkit.csproj", "{6FBBA346-C9C0-4FD9-9B66-5F8E1DAD7A56}"
EndProject
Global
	GlobalSection(SolutionConfigurationPlatforms) = preSolution
		Debug|Any CPU = Debug|Any CPU
		Release|Any CPU = Release|Any CPU
	EndGlobalSection
	GlobalSection(ProjectConfigurationPlatforms) = postSolution
		{E587DF32-22BB-4C37-BD65-0DE04FB149D2}.Debug|Any CPU.ActiveCfg = Debug|Any CPU
		{E587DF32-22BB-4C37-BD65-0DE04FB149D2}.Debug|Any CPU.Build.0 = Debug|Any CPU
		{E587DF32-22BB-4C37-BD65-0DE04FB149D2}.Release|Any CPU.ActiveCfg = Release|Any CPU
		{E587DF32-22BB-4C37-BD65-0DE04FB149D2}.Release|Any CPU.Build.0 = Release|Any CPU
		{FCDA6827-C372-40A3-948C-7C9512ED922B}.Debug|Any CPU.ActiveCfg = Debug|Any CPU
		{FCDA6827-C372-40A3-948C-7C9512ED922B}.Debug|Any CPU.Build.0 = Debug|Any CPU
		{FCDA6827-C372-40A3-948C-7C9512ED922B}.Release|Any CPU.ActiveCfg = Release|Any CPU
		{FCDA6827-C372-40A3-948C-7C9512ED922B}.Release|Any CPU.Build.0 = Release|Any CPU
		{6FBBA346-C9C0-4FD9-9B66-5F8E1DAD7A56}.Debug|Any CPU.ActiveCfg = Debug|Any CPU
		{6FBBA346-C9C0-4FD9-9B66-5F8E1DAD7A56}.Debug|Any CPU.Build.0 = Debug|Any CPU
		{6FBBA346-C9C0-4FD9-9B66-5F8E1DAD7A56}.Release|Any CPU.ActiveCfg = Release|Any CPU
		{6FBBA346-C9C0-4FD9-9B66-5F8E1DAD7A56}.Release|Any CPU.Build.0 = Release|Any CPU
	EndGlobalSection
	GlobalSection(SolutionProperties) = preSolution
		HideSolutionNode = FALSE
	EndGlobalSection
	GlobalSection(ExtensibilityGlobals) = postSolution
		SolutionGuid = {B052E17C-2101-4E96-B5AB-0283DBB9C736}
	EndGlobalSection
EndGlobal
